
Microsoft Visual Studio Solution File, Format Version 12.00
# Visual Studio 15
VisualStudioVersion = 15.0.27703.2035
MinimumVisualStudioVersion = 10.0.40219.1
Project("{FAE04EC0-301F-11D3-BF4B-00C04F79EFBC}") = "NerdDinner", "NerdDinner\NerdDinner.csproj", "{6DA3243E-4BBC-41B7-8C70-4B37252A6FF1}"
EndProject
Project("{FAE04EC0-301F-11D3-BF4B-00C04F79EFBC}") = "NerdDinner.Tests", "NerdDinner.Tests\NerdDinner.Tests.csproj", "{F70A527E-2F70-4473-98C6-DD50EA5B3416}"
EndProject
Global
	GlobalSection(SolutionConfigurationPlatforms) = preSolution
		Debug|Any CPU = Debug|Any CPU
		Release|Any CPU = Release|Any CPU
	EndGlobalSection
	GlobalSection(ProjectConfigurationPlatforms) = postSolution
		{6DA3243E-4BBC-41B7-8C70-4B37252A6FF1}.Debug|Any CPU.ActiveCfg = Debug|Any CPU
		{6DA3243E-4BBC-41B7-8C70-4B37252A6FF1}.Debug|Any CPU.Build.0 = Debug|Any CPU
		{6DA3243E-4BBC-41B7-8C70-4B37252A6FF1}.Release|Any CPU.ActiveCfg = Release|Any CPU
		{6DA3243E-4BBC-41B7-8C70-4B37252A6FF1}.Release|Any CPU.Build.0 = Release|Any CPU
		{F70A527E-2F70-4473-98C6-DD50EA5B3416}.Debug|Any CPU.ActiveCfg = Debug|Any CPU
		{F70A527E-2F70-4473-98C6-DD50EA5B3416}.Debug|Any CPU.Build.0 = Debug|Any CPU
		{F70A527E-2F70-4473-98C6-DD50EA5B3416}.Release|Any CPU.ActiveCfg = Release|Any CPU
		{F70A527E-2F70-4473-98C6-DD50EA5B3416}.Release|Any CPU.Build.0 = Release|Any CPU
	EndGlobalSection
	GlobalSection(SolutionProperties) = preSolution
		HideSolutionNode = FALSE
	EndGlobalSection
	GlobalSection(ExtensibilityGlobals) = postSolution
		SolutionGuid = {0D438D07-019D-48B5-85E0-461C03ABE650}
	EndGlobalSection
EndGlobal
